
Microsoft Visual Studio Solution File, Format Version 12.00
# Visual Studio Version 17
VisualStudioVersion = 17.5.33414.496
MinimumVisualStudioVersion = 10.0.40219.1
Project("{FAE04EC0-301F-11D3-BF4B-00C04F79EFBC}") = "BakeryApp", "BakeryApp\BakeryApp.csproj", "{E7374145-23E7-464F-9464-D71B394509C0}"
EndProject
Global
	GlobalSection(SolutionConfigurationPlatforms) = preSolution
		Debug|Any CPU = Debug|Any CPU
		Release|Any CPU = Release|Any CPU
	EndGlobalSection
	GlobalSection(ProjectConfigurationPlatforms) = postSolution
		{E7374145-23E7-464F-9464-D71B394509C0}.Debug|Any CPU.ActiveCfg = Debug|Any CPU
		{E7374145-23E7-464F-9464-D71B394509C0}.Debug|Any CPU.Build.0 = Debug|Any CPU
		{E7374145-23E7-464F-9464-D71B394509C0}.Release|Any CPU.ActiveCfg = Release|Any CPU
		{E7374145-23E7-464F-9464-D71B394509C0}.Release|Any CPU.Build.0 = Release|Any CPU
	EndGlobalSection
	GlobalSection(SolutionProperties) = preSolution
		HideSolutionNode = FALSE
	EndGlobalSection
	GlobalSection(ExtensibilityGlobals) = postSolution
		SolutionGuid = {708CC33B-3853-42E4-A383-708305682CA3}
	EndGlobalSection
EndGlobal
